# This file is automatically @generated by Cargo.
# It is not intended for manual editing.
version = 3

[[package]]
name = "chrono"
version = "0.2.25"
source = "registry+https://github.com/rust-lang/crates.io-index"
checksum = "9213f7cd7c27e95c2b57c49f0e69b1ea65b27138da84a170133fd21b07659c00"
dependencies = [
 "num",
 "time",
]

[[package]]
name = "crossbeam"
version = "0.2.10"
source = "registry+https://github.com/rust-lang/crates.io-index"
checksum = "0c5ea215664ca264da8a9d9c3be80d2eaf30923c259d03e870388eb927508f97"

[[package]]
name = "futureplay"
version = "0.1.0"
dependencies = [
 "chrono",
 "futures",
 "futures-cpupool",
 "num",
]

[[package]]
name = "futures"
version = "0.1.10"
source = "git+https://github.com/alexcrichton/futures-rs?branch=master#c53bad27f61494d4cfaa0086409802ef5c7bfd4b"
dependencies = [
 "log",
]

[[package]]
name = "futures-cpupool"
version = "0.1.2"
source = "git+https://github.com/alexcrichton/futures-rs?branch=master#c53bad27f61494d4cfaa0086409802ef5c7bfd4b"
dependencies = [
 "crossbeam",
 "futures",
 "num_cpus",
]

[[package]]
name = "kernel32-sys"
version = "0.2.2"
source = "registry+https://github.com/rust-lang/crates.io-index"
checksum = "7507624b29483431c0ba2d82aece8ca6cdba9382bff4ddd0f7490560c056098d"
dependencies = [
 "winapi",
 "winapi-build",
]

[[package]]
name = "libc"
version = "0.2.18"
source = "registry+https://github.com/rust-lang/crates.io-index"
checksum = "a51822fc847e7a8101514d1d44e354ba2ffa7d4c194dcab48870740e327cac70"

[[package]]
name = "log"
version = "0.3.6"
source = "registry+https://github.com/rust-lang/crates.io-index"
checksum = "ab83497bf8bf4ed2a74259c1c802351fcd67a65baa86394b6ba73c36f4838054"

[[package]]
name = "num"
version = "0.1.36"
source = "registry+https://github.com/rust-lang/crates.io-index"
checksum = "bde7c03b09e7c6a301ee81f6ddf66d7a28ec305699e3d3b056d2fc56470e3120"
dependencies = [
 "num-bigint",
 "num-complex",
 "num-integer",
 "num-iter",
 "num-rational",
 "num-traits",
]

[[package]]
name = "num-bigint"
version = "0.1.35"
source = "registry+https://github.com/rust-lang/crates.io-index"
checksum = "88b14378471f7c2adc5262f05b4701ef53e8da376453a8d8fee48e51db745e49"
dependencies = [
 "num-integer",
 "num-traits",
 "rand",
 "rustc-serialize",
]

[[package]]
name = "num-complex"
version = "0.1.35"
source = "registry+https://github.com/rust-lang/crates.io-index"
checksum = "f0c78e054dd19c3fd03419ade63fa661e9c49bb890ce3beb4eee5b7baf93f92f"
dependencies = [
 "num-traits",
 "rustc-serialize",
]

[[package]]
name = "num-integer"
version = "0.1.32"
source = "registry+https://github.com/rust-lang/crates.io-index"
checksum = "fb24d9bfb3f222010df27995441ded1e954f8f69cd35021f6bef02ca9552fb92"
dependencies = [
 "num-traits",
]

[[package]]
name = "num-iter"
version = "0.1.32"
source = "registry+https://github.com/rust-lang/crates.io-index"
checksum = "287a1c9969a847055e1122ec0ea7a5c5d6f72aad97934e131c83d5c08ab4e45c"
dependencies = [
 "num-integer",
 "num-traits",
]

[[package]]
name = "num-rational"
version = "0.1.35"
source = "registry+https://github.com/rust-lang/crates.io-index"
checksum = "54ff603b8334a72fbb27fe66948aac0abaaa40231b3cecd189e76162f6f38aaf"
dependencies = [
 "num-bigint",
 "num-integer",
 "num-traits",
 "rustc-serialize",
]

[[package]]
name = "num-traits"
version = "0.1.36"
source = "registry+https://github.com/rust-lang/crates.io-index"
checksum = "a16a42856a256b39c6d3484f097f6713e14feacd9bfb02290917904fae46c81c"

[[package]]
name = "num_cpus"
version = "1.2.0"
source = "registry+https://github.com/rust-lang/crates.io-index"
checksum = "55aabf4e2d6271a2e4e4c0f2ea1f5b07cc589cc1a9e9213013b54a76678ca4f3"
dependencies = [
 "libc",
]

[[package]]
name = "rand"
version = "0.3.15"
source = "registry+https://github.com/rust-lang/crates.io-index"
checksum = "022e0636ec2519ddae48154b028864bdce4eaf7d35226ab8e65c611be97b189d"
dependencies = [
 "libc",
]

[[package]]
name = "rustc-serialize"
version = "0.3.22"
source = "registry+https://github.com/rust-lang/crates.io-index"
checksum = "237546c689f20bb44980270c73c3b9edd0891c1be49cc1274406134a66d3957b"

[[package]]
name = "time"
version = "0.1.35"
source = "registry+https://github.com/rust-lang/crates.io-index"
checksum = "3c7ec6d62a20df54e07ab3b78b9a3932972f4b7981de295563686849eb3989af"
dependencies = [
 "kernel32-sys",
 "libc",
 "winapi",
]

[[package]]
name = "winapi"
version = "0.2.8"
source = "registry+https://github.com/rust-lang/crates.io-index"
checksum = "167dc9d6949a9b857f3451275e911c3f44255842c1f7a76f33c55103a909087a"

[[package]]
name = "winapi-build"
version = "0.1.1"
source = "registry+https://github.com/rust-lang/crates.io-index"
checksum = "2d315eee3b34aca4797b2da6b13ed88266e6d612562a0c46390af8299fc699bc"
